
Microsoft Visual Studio Solution File, Format Version 12.00
# Visual Studio Version 17
VisualStudioVersion = 17.0.32126.317
MinimumVisualStudioVersion = 10.0.40219.1
Project("{FAE04EC0-301F-11D3-BF4B-00C04F79EFBC}") = "EdgeApi", "EdgeApi.csproj", "{2158BEB2-B41A-4E86-ADEC-7991F656D518}"
EndProject
Global
	GlobalSection(SolutionConfigurationPlatforms) = preSolution
		Debug|Any CPU = Debug|Any CPU
		Release|Any CPU = Release|Any CPU
	EndGlobalSection
	GlobalSection(ProjectConfigurationPlatforms) = postSolution
		{2158BEB2-B41A-4E86-ADEC-7991F656D518}.Debug|Any CPU.ActiveCfg = Debug|Any CPU
		{2158BEB2-B41A-4E86-ADEC-7991F656D518}.Debug|Any CPU.Build.0 = Debug|Any CPU
		{2158BEB2-B41A-4E86-ADEC-7991F656D518}.Release|Any CPU.ActiveCfg = Release|Any CPU
		{2158BEB2-B41A-4E86-ADEC-7991F656D518}.Release|Any CPU.Build.0 = Release|Any CPU
	EndGlobalSection
	GlobalSection(SolutionProperties) = preSolution
		HideSolutionNode = FALSE
	EndGlobalSection
	GlobalSection(ExtensibilityGlobals) = postSolution
		SolutionGuid = {454D2678-6C63-4164-9D67-8B50FB4CE797}
	EndGlobalSection
EndGlobal
